{
  "name": "@pingleware/contracts",
  "version": "1.6.3-beta",
  "lockfileVersion": 2,
  "requires": true,
  "packages": {
    "": {
      "name": "@pingleware/contracts",
      "version": "1.6.3-beta",
      "license": "CC-BY-4.0",
      "dependencies": {
        "@nibbstack/erc721": "^2.6.1"
      }
    },
    "node_modules/@nibbstack/erc721": {
      "version": "2.6.1",
      "resolved": "https://registry.npmjs.org/@nibbstack/erc721/-/erc721-2.6.1.tgz",
      "integrity": "sha512-Y8cinxqUVBhLJp+1bKDaC0V5vJqLpVZSeDkjkYouIgpY8XUKLdwBp2lzd6SCO66b/Pgct3TMlbZ32buJTITgwQ=="
    }
  },
  "dependencies": {
    "@nibbstack/erc721": {
      "version": "2.6.1",
      "resolved": "https://registry.npmjs.org/@nibbstack/erc721/-/erc721-2.6.1.tgz",
      "integrity": "sha512-Y8cinxqUVBhLJp+1bKDaC0V5vJqLpVZSeDkjkYouIgpY8XUKLdwBp2lzd6SCO66b/Pgct3TMlbZ32buJTITgwQ=="
    }
  }
}
